
Microsoft Visual Studio Solution File, Format Version 12.00
# Visual Studio 14
VisualStudioVersion = 14.0.23107.0
MinimumVisualStudioVersion = 10.0.40219.1
Project("{FAE04EC0-301F-11D3-BF4B-00C04F79EFBC}") = "Tests", "Tests\Tests.csproj", "{9A53CFCD-96C0-43A0-9069-4A758260F219}"
EndProject
Project("{FAE04EC0-301F-11D3-BF4B-00C04F79EFBC}") = "SpotCorLib", "Subset_of_CorLib\SpotCorLib.csproj", "{13FE91AE-283E-404C-BD33-A00D2AEBA63F}"
EndProject
Project("{8BC9CEB8-8B4A-11D0-8D11-00A0C91BC942}") = "ClarityCore", "ClarityCore\ClarityCore.vcxproj", "{C28AF17C-F497-4D52-852D-120CD041E521}"
EndProject
Project("{FAE04EC0-301F-11D3-BF4B-00C04F79EFBC}") = "AssemblyImporter", "AssemblyImporter\AssemblyImporter.csproj", "{E1276B18-4C8F-49D4-ABF1-1C7C7C71F369}"
EndProject
Project("{8BC9CEB8-8B4A-11D0-8D11-00A0C91BC942}") = "ClarityCorLibNative", "ClarityCorLibNative\ClarityCorLibNative.vcxproj", "{093AB855-56A2-4AEC-A760-B533390B3F0D}"
EndProject
Project("{8BC9CEB8-8B4A-11D0-8D11-00A0C91BC942}") = "TestApp", "TestApp\TestApp.vcxproj", "{85F424FD-A07D-4988-95F8-8302A04A4414}"
EndProject
Project("{8BC9CEB8-8B4A-11D0-8D11-00A0C91BC942}") = "ClarityCorLib", "ClarityCorLib\ClarityCorLib.vcxproj", "{30E48393-FD2D-4F0E-9039-BFCF481064A3}"
EndProject
Global
	GlobalSection(SolutionConfigurationPlatforms) = preSolution
		Debug_Tools|Any CPU = Debug_Tools|Any CPU
		Debug_Tools|Mixed Platforms = Debug_Tools|Mixed Platforms
		Debug_Tools|Win32 = Debug_Tools|Win32
		Debug_Tools|x64 = Debug_Tools|x64
		Debug|Any CPU = Debug|Any CPU
		Debug|Mixed Platforms = Debug|Mixed Platforms
		Debug|Win32 = Debug|Win32
		Debug|x64 = Debug|x64
		Release_Tools|Any CPU = Release_Tools|Any CPU
		Release_Tools|Mixed Platforms = Release_Tools|Mixed Platforms
		Release_Tools|Win32 = Release_Tools|Win32
		Release_Tools|x64 = Release_Tools|x64
		Release|Any CPU = Release|Any CPU
		Release|Mixed Platforms = Release|Mixed Platforms
		Release|Win32 = Release|Win32
		Release|x64 = Release|x64
	EndGlobalSection
	GlobalSection(ProjectConfigurationPlatforms) = postSolution
		{9A53CFCD-96C0-43A0-9069-4A758260F219}.Debug_Tools|Any CPU.ActiveCfg = Debug|Any CPU
		{9A53CFCD-96C0-43A0-9069-4A758260F219}.Debug_Tools|Any CPU.Build.0 = Debug|Any CPU
		{9A53CFCD-96C0-43A0-9069-4A758260F219}.Debug_Tools|Mixed Platforms.ActiveCfg = Debug|Any CPU
		{9A53CFCD-96C0-43A0-9069-4A758260F219}.Debug_Tools|Mixed Platforms.Build.0 = Debug|Any CPU
		{9A53CFCD-96C0-43A0-9069-4A758260F219}.Debug_Tools|Win32.ActiveCfg = Debug|Any CPU
		{9A53CFCD-96C0-43A0-9069-4A758260F219}.Debug_Tools|x64.ActiveCfg = Debug|Any CPU
		{9A53CFCD-96C0-43A0-9069-4A758260F219}.Debug_Tools|x64.Build.0 = Debug|Any CPU
		{9A53CFCD-96C0-43A0-9069-4A758260F219}.Debug|Any CPU.ActiveCfg = Debug|Any CPU
		{9A53CFCD-96C0-43A0-9069-4A758260F219}.Debug|Any CPU.Build.0 = Debug|Any CPU
		{9A53CFCD-96C0-43A0-9069-4A758260F219}.Debug|Mixed Platforms.ActiveCfg = Debug|Any CPU
		{9A53CFCD-96C0-43A0-9069-4A758260F219}.Debug|Mixed Platforms.Build.0 = Debug|Any CPU
		{9A53CFCD-96C0-43A0-9069-4A758260F219}.Debug|Win32.ActiveCfg = Debug|Any CPU
		{9A53CFCD-96C0-43A0-9069-4A758260F219}.Debug|x64.ActiveCfg = Debug|Any CPU
		{9A53CFCD-96C0-43A0-9069-4A758260F219}.Debug|x64.Build.0 = Debug|Any CPU
		{9A53CFCD-96C0-43A0-9069-4A758260F219}.Release_Tools|Any CPU.ActiveCfg = Release|Any CPU
		{9A53CFCD-96C0-43A0-9069-4A758260F219}.Release_Tools|Any CPU.Build.0 = Release|Any CPU
		{9A53CFCD-96C0-43A0-9069-4A758260F219}.Release_Tools|Mixed Platforms.ActiveCfg = Release|Any CPU
		{9A53CFCD-96C0-43A0-9069-4A758260F219}.Release_Tools|Mixed Platforms.Build.0 = Release|Any CPU
		{9A53CFCD-96C0-43A0-9069-4A758260F219}.Release_Tools|Win32.ActiveCfg = Release|Any CPU
		{9A53CFCD-96C0-43A0-9069-4A758260F219}.Release_Tools|x64.ActiveCfg = Release|Any CPU
		{9A53CFCD-96C0-43A0-9069-4A758260F219}.Release_Tools|x64.Build.0 = Release|Any CPU
		{9A53CFCD-96C0-43A0-9069-4A758260F219}.Release|Any CPU.ActiveCfg = Release|Any CPU
		{9A53CFCD-96C0-43A0-9069-4A758260F219}.Release|Any CPU.Build.0 = Release|Any CPU
		{9A53CFCD-96C0-43A0-9069-4A758260F219}.Release|Mixed Platforms.ActiveCfg = Release|Any CPU
		{9A53CFCD-96C0-43A0-9069-4A758260F219}.Release|Mixed Platforms.Build.0 = Release|Any CPU
		{9A53CFCD-96C0-43A0-9069-4A758260F219}.Release|Win32.ActiveCfg = Release|Any CPU
		{9A53CFCD-96C0-43A0-9069-4A758260F219}.Release|x64.ActiveCfg = Release|Any CPU
		{9A53CFCD-96C0-43A0-9069-4A758260F219}.Release|x64.Build.0 = Release|Any CPU
		{13FE91AE-283E-404C-BD33-A00D2AEBA63F}.Debug_Tools|Any CPU.ActiveCfg = Debug|Any CPU
		{13FE91AE-283E-404C-BD33-A00D2AEBA63F}.Debug_Tools|Any CPU.Build.0 = Debug|Any CPU
		{13FE91AE-283E-404C-BD33-A00D2AEBA63F}.Debug_Tools|Mixed Platforms.ActiveCfg = Debug|Any CPU
		{13FE91AE-283E-404C-BD33-A00D2AEBA63F}.Debug_Tools|Mixed Platforms.Build.0 = Debug|Any CPU
		{13FE91AE-283E-404C-BD33-A00D2AEBA63F}.Debug_Tools|Win32.ActiveCfg = Debug|Any CPU
		{13FE91AE-283E-404C-BD33-A00D2AEBA63F}.Debug_Tools|x64.ActiveCfg = Debug|Any CPU
		{13FE91AE-283E-404C-BD33-A00D2AEBA63F}.Debug|Any CPU.ActiveCfg = Debug|Any CPU
		{13FE91AE-283E-404C-BD33-A00D2AEBA63F}.Debug|Any CPU.Build.0 = Debug|Any CPU
		{13FE91AE-283E-404C-BD33-A00D2AEBA63F}.Debug|Mixed Platforms.ActiveCfg = Debug|Any CPU
		{13FE91AE-283E-404C-BD33-A00D2AEBA63F}.Debug|Mixed Platforms.Build.0 = Debug|Any CPU
		{13FE91AE-283E-404C-BD33-A00D2AEBA63F}.Debug|Win32.ActiveCfg = Debug|Any CPU
		{13FE91AE-283E-404C-BD33-A00D2AEBA63F}.Debug|x64.ActiveCfg = Debug|Any CPU
		{13FE91AE-283E-404C-BD33-A00D2AEBA63F}.Release_Tools|Any CPU.ActiveCfg = Release|Any CPU
		{13FE91AE-283E-404C-BD33-A00D2AEBA63F}.Release_Tools|Any CPU.Build.0 = Release|Any CPU
		{13FE91AE-283E-404C-BD33-A00D2AEBA63F}.Release_Tools|Mixed Platforms.ActiveCfg = Release|Any CPU
		{13FE91AE-283E-404C-BD33-A00D2AEBA63F}.Release_Tools|Mixed Platforms.Build.0 = Release|Any CPU
		{13FE91AE-283E-404C-BD33-A00D2AEBA63F}.Release_Tools|Win32.ActiveCfg = Release|Any CPU
		{13FE91AE-283E-404C-BD33-A00D2AEBA63F}.Release_Tools|x64.ActiveCfg = Release|Any CPU
		{13FE91AE-283E-404C-BD33-A00D2AEBA63F}.Release|Any CPU.ActiveCfg = Release|Any CPU
		{13FE91AE-283E-404C-BD33-A00D2AEBA63F}.Release|Any CPU.Build.0 = Release|Any CPU
		{13FE91AE-283E-404C-BD33-A00D2AEBA63F}.Release|Mixed Platforms.ActiveCfg = Release|Any CPU
		{13FE91AE-283E-404C-BD33-A00D2AEBA63F}.Release|Mixed Platforms.Build.0 = Release|Any CPU
		{13FE91AE-283E-404C-BD33-A00D2AEBA63F}.Release|Win32.ActiveCfg = Release|Any CPU
		{13FE91AE-283E-404C-BD33-A00D2AEBA63F}.Release|x64.ActiveCfg = Release|Any CPU
		{C28AF17C-F497-4D52-852D-120CD041E521}.Debug_Tools|Any CPU.ActiveCfg = Debug|Win32
		{C28AF17C-F497-4D52-852D-120CD041E521}.Debug_Tools|Mixed Platforms.ActiveCfg = Debug|Win32
		{C28AF17C-F497-4D52-852D-120CD041E521}.Debug_Tools|Mixed Platforms.Build.0 = Debug|Win32
		{C28AF17C-F497-4D52-852D-120CD041E521}.Debug_Tools|Win32.ActiveCfg = Debug|Win32
		{C28AF17C-F497-4D52-852D-120CD041E521}.Debug_Tools|Win32.Build.0 = Debug|Win32
		{C28AF17C-F497-4D52-852D-120CD041E521}.Debug_Tools|x64.ActiveCfg = Release|Win32
		{C28AF17C-F497-4D52-852D-120CD041E521}.Debug_Tools|x64.Build.0 = Release|Win32
		{C28AF17C-F497-4D52-852D-120CD041E521}.Debug|Any CPU.ActiveCfg = Debug|Win32
		{C28AF17C-F497-4D52-852D-120CD041E521}.Debug|Mixed Platforms.ActiveCfg = Debug|Win32
		{C28AF17C-F497-4D52-852D-120CD041E521}.Debug|Mixed Platforms.Build.0 = Debug|Win32
		{C28AF17C-F497-4D52-852D-120CD041E521}.Debug|Win32.ActiveCfg = Debug|Win32
		{C28AF17C-F497-4D52-852D-120CD041E521}.Debug|Win32.Build.0 = Debug|Win32
		{C28AF17C-F497-4D52-852D-120CD041E521}.Debug|x64.ActiveCfg = Debug|Win32
		{C28AF17C-F497-4D52-852D-120CD041E521}.Release_Tools|Any CPU.ActiveCfg = Release|Win32
		{C28AF17C-F497-4D52-852D-120CD041E521}.Release_Tools|Mixed Platforms.ActiveCfg = Release|Win32
		{C28AF17C-F497-4D52-852D-120CD041E521}.Release_Tools|Mixed Platforms.Build.0 = Release|Win32
		{C28AF17C-F497-4D52-852D-120CD041E521}.Release_Tools|Win32.ActiveCfg = Release|Win32
		{C28AF17C-F497-4D52-852D-120CD041E521}.Release_Tools|Win32.Build.0 = Release|Win32
		{C28AF17C-F497-4D52-852D-120CD041E521}.Release_Tools|x64.ActiveCfg = Release|Win32
		{C28AF17C-F497-4D52-852D-120CD041E521}.Release_Tools|x64.Build.0 = Release|Win32
		{C28AF17C-F497-4D52-852D-120CD041E521}.Release|Any CPU.ActiveCfg = Release|Win32
		{C28AF17C-F497-4D52-852D-120CD041E521}.Release|Mixed Platforms.ActiveCfg = Release|Win32
		{C28AF17C-F497-4D52-852D-120CD041E521}.Release|Mixed Platforms.Build.0 = Release|Win32
		{C28AF17C-F497-4D52-852D-120CD041E521}.Release|Win32.ActiveCfg = Release|Win32
		{C28AF17C-F497-4D52-852D-120CD041E521}.Release|Win32.Build.0 = Release|Win32
		{C28AF17C-F497-4D52-852D-120CD041E521}.Release|x64.ActiveCfg = Release|Win32
		{E1276B18-4C8F-49D4-ABF1-1C7C7C71F369}.Debug_Tools|Any CPU.ActiveCfg = Debug_Tools|Any CPU
		{E1276B18-4C8F-49D4-ABF1-1C7C7C71F369}.Debug_Tools|Any CPU.Build.0 = Debug_Tools|Any CPU
		{E1276B18-4C8F-49D4-ABF1-1C7C7C71F369}.Debug_Tools|Mixed Platforms.ActiveCfg = Debug_Tools|Any CPU
		{E1276B18-4C8F-49D4-ABF1-1C7C7C71F369}.Debug_Tools|Mixed Platforms.Build.0 = Debug_Tools|Any CPU
		{E1276B18-4C8F-49D4-ABF1-1C7C7C71F369}.Debug_Tools|Win32.ActiveCfg = Debug_Tools|Any CPU
		{E1276B18-4C8F-49D4-ABF1-1C7C7C71F369}.Debug_Tools|x64.ActiveCfg = Debug_Tools|Any CPU
		{E1276B18-4C8F-49D4-ABF1-1C7C7C71F369}.Debug_Tools|x64.Build.0 = Debug_Tools|Any CPU
		{E1276B18-4C8F-49D4-ABF1-1C7C7C71F369}.Debug|Any CPU.ActiveCfg = Debug|Any CPU
		{E1276B18-4C8F-49D4-ABF1-1C7C7C71F369}.Debug|Any CPU.Build.0 = Debug|Any CPU
		{E1276B18-4C8F-49D4-ABF1-1C7C7C71F369}.Debug|Mixed Platforms.ActiveCfg = Debug|Any CPU
		{E1276B18-4C8F-49D4-ABF1-1C7C7C71F369}.Debug|Mixed Platforms.Build.0 = Debug|Any CPU
		{E1276B18-4C8F-49D4-ABF1-1C7C7C71F369}.Debug|Win32.ActiveCfg = Debug|Any CPU
		{E1276B18-4C8F-49D4-ABF1-1C7C7C71F369}.Debug|x64.ActiveCfg = Debug|Any CPU
		{E1276B18-4C8F-49D4-ABF1-1C7C7C71F369}.Debug|x64.Build.0 = Debug|Any CPU
		{E1276B18-4C8F-49D4-ABF1-1C7C7C71F369}.Release_Tools|Any CPU.ActiveCfg = Release_Tools|Any CPU
		{E1276B18-4C8F-49D4-ABF1-1C7C7C71F369}.Release_Tools|Any CPU.Build.0 = Release_Tools|Any CPU
		{E1276B18-4C8F-49D4-ABF1-1C7C7C71F369}.Release_Tools|Mixed Platforms.ActiveCfg = Release_Tools|Any CPU
		{E1276B18-4C8F-49D4-ABF1-1C7C7C71F369}.Release_Tools|Mixed Platforms.Build.0 = Release_Tools|Any CPU
		{E1276B18-4C8F-49D4-ABF1-1C7C7C71F369}.Release_Tools|Win32.ActiveCfg = Release_Tools|Any CPU
		{E1276B18-4C8F-49D4-ABF1-1C7C7C71F369}.Release_Tools|x64.ActiveCfg = Release_Tools|Any CPU
		{E1276B18-4C8F-49D4-ABF1-1C7C7C71F369}.Release_Tools|x64.Build.0 = Release_Tools|Any CPU
		{E1276B18-4C8F-49D4-ABF1-1C7C7C71F369}.Release|Any CPU.ActiveCfg = Release|Any CPU
		{E1276B18-4C8F-49D4-ABF1-1C7C7C71F369}.Release|Any CPU.Build.0 = Release|Any CPU
		{E1276B18-4C8F-49D4-ABF1-1C7C7C71F369}.Release|Mixed Platforms.ActiveCfg = Release|Any CPU
		{E1276B18-4C8F-49D4-ABF1-1C7C7C71F369}.Release|Mixed Platforms.Build.0 = Release|Any CPU
		{E1276B18-4C8F-49D4-ABF1-1C7C7C71F369}.Release|Win32.ActiveCfg = Release|Any CPU
		{E1276B18-4C8F-49D4-ABF1-1C7C7C71F369}.Release|x64.ActiveCfg = Release|Any CPU
		{E1276B18-4C8F-49D4-ABF1-1C7C7C71F369}.Release|x64.Build.0 = Release|Any CPU
		{093AB855-56A2-4AEC-A760-B533390B3F0D}.Debug_Tools|Any CPU.ActiveCfg = Debug|Win32
		{093AB855-56A2-4AEC-A760-B533390B3F0D}.Debug_Tools|Mixed Platforms.ActiveCfg = Debug|Win32
		{093AB855-56A2-4AEC-A760-B533390B3F0D}.Debug_Tools|Mixed Platforms.Build.0 = Debug|Win32
		{093AB855-56A2-4AEC-A760-B533390B3F0D}.Debug_Tools|Win32.ActiveCfg = Debug|Win32
		{093AB855-56A2-4AEC-A760-B533390B3F0D}.Debug_Tools|Win32.Build.0 = Debug|Win32
		{093AB855-56A2-4AEC-A760-B533390B3F0D}.Debug_Tools|x64.ActiveCfg = Release|Win32
		{093AB855-56A2-4AEC-A760-B533390B3F0D}.Debug_Tools|x64.Build.0 = Release|Win32
		{093AB855-56A2-4AEC-A760-B533390B3F0D}.Debug|Any CPU.ActiveCfg = Debug|Win32
		{093AB855-56A2-4AEC-A760-B533390B3F0D}.Debug|Mixed Platforms.ActiveCfg = Debug|Win32
		{093AB855-56A2-4AEC-A760-B533390B3F0D}.Debug|Mixed Platforms.Build.0 = Debug|Win32
		{093AB855-56A2-4AEC-A760-B533390B3F0D}.Debug|Win32.ActiveCfg = Debug|Win32
		{093AB855-56A2-4AEC-A760-B533390B3F0D}.Debug|Win32.Build.0 = Debug|Win32
		{093AB855-56A2-4AEC-A760-B533390B3F0D}.Debug|x64.ActiveCfg = Debug|Win32
		{093AB855-56A2-4AEC-A760-B533390B3F0D}.Release_Tools|Any CPU.ActiveCfg = Release|Win32
		{093AB855-56A2-4AEC-A760-B533390B3F0D}.Release_Tools|Mixed Platforms.ActiveCfg = Release|Win32
		{093AB855-56A2-4AEC-A760-B533390B3F0D}.Release_Tools|Mixed Platforms.Build.0 = Release|Win32
		{093AB855-56A2-4AEC-A760-B533390B3F0D}.Release_Tools|Win32.ActiveCfg = Release|Win32
		{093AB855-56A2-4AEC-A760-B533390B3F0D}.Release_Tools|Win32.Build.0 = Release|Win32
		{093AB855-56A2-4AEC-A760-B533390B3F0D}.Release_Tools|x64.ActiveCfg = Release|Win32
		{093AB855-56A2-4AEC-A760-B533390B3F0D}.Release_Tools|x64.Build.0 = Release|Win32
		{093AB855-56A2-4AEC-A760-B533390B3F0D}.Release|Any CPU.ActiveCfg = Release|Win32
		{093AB855-56A2-4AEC-A760-B533390B3F0D}.Release|Mixed Platforms.ActiveCfg = Release|Win32
		{093AB855-56A2-4AEC-A760-B533390B3F0D}.Release|Mixed Platforms.Build.0 = Release|Win32
		{093AB855-56A2-4AEC-A760-B533390B3F0D}.Release|Win32.ActiveCfg = Release|Win32
		{093AB855-56A2-4AEC-A760-B533390B3F0D}.Release|Win32.Build.0 = Release|Win32
		{093AB855-56A2-4AEC-A760-B533390B3F0D}.Release|x64.ActiveCfg = Release|Win32
		{85F424FD-A07D-4988-95F8-8302A04A4414}.Debug_Tools|Any CPU.ActiveCfg = Debug|Win32
		{85F424FD-A07D-4988-95F8-8302A04A4414}.Debug_Tools|Mixed Platforms.ActiveCfg = Debug|Win32
		{85F424FD-A07D-4988-95F8-8302A04A4414}.Debug_Tools|Mixed Platforms.Build.0 = Debug|Win32
		{85F424FD-A07D-4988-95F8-8302A04A4414}.Debug_Tools|Win32.ActiveCfg = Debug|Win32
		{85F424FD-A07D-4988-95F8-8302A04A4414}.Debug_Tools|Win32.Build.0 = Debug|Win32
		{85F424FD-A07D-4988-95F8-8302A04A4414}.Debug_Tools|x64.ActiveCfg = Release|Win32
		{85F424FD-A07D-4988-95F8-8302A04A4414}.Debug_Tools|x64.Build.0 = Release|Win32
		{85F424FD-A07D-4988-95F8-8302A04A4414}.Debug|Any CPU.ActiveCfg = Debug|Win32
		{85F424FD-A07D-4988-95F8-8302A04A4414}.Debug|Mixed Platforms.ActiveCfg = Debug|Win32
		{85F424FD-A07D-4988-95F8-8302A04A4414}.Debug|Mixed Platforms.Build.0 = Debug|Win32
		{85F424FD-A07D-4988-95F8-8302A04A4414}.Debug|Win32.ActiveCfg = Debug|Win32
		{85F424FD-A07D-4988-95F8-8302A04A4414}.Debug|Win32.Build.0 = Debug|Win32
		{85F424FD-A07D-4988-95F8-8302A04A4414}.Debug|x64.ActiveCfg = Debug|Win32
		{85F424FD-A07D-4988-95F8-8302A04A4414}.Release_Tools|Any CPU.ActiveCfg = Release|Win32
		{85F424FD-A07D-4988-95F8-8302A04A4414}.Release_Tools|Mixed Platforms.ActiveCfg = Release|Win32
		{85F424FD-A07D-4988-95F8-8302A04A4414}.Release_Tools|Mixed Platforms.Build.0 = Release|Win32
		{85F424FD-A07D-4988-95F8-8302A04A4414}.Release_Tools|Win32.ActiveCfg = Release|Win32
		{85F424FD-A07D-4988-95F8-8302A04A4414}.Release_Tools|Win32.Build.0 = Release|Win32
		{85F424FD-A07D-4988-95F8-8302A04A4414}.Release_Tools|x64.ActiveCfg = Release|Win32
		{85F424FD-A07D-4988-95F8-8302A04A4414}.Release_Tools|x64.Build.0 = Release|Win32
		{85F424FD-A07D-4988-95F8-8302A04A4414}.Release|Any CPU.ActiveCfg = Release|Win32
		{85F424FD-A07D-4988-95F8-8302A04A4414}.Release|Mixed Platforms.ActiveCfg = Release|Win32
		{85F424FD-A07D-4988-95F8-8302A04A4414}.Release|Mixed Platforms.Build.0 = Release|Win32
		{85F424FD-A07D-4988-95F8-8302A04A4414}.Release|Win32.ActiveCfg = Release|Win32
		{85F424FD-A07D-4988-95F8-8302A04A4414}.Release|Win32.Build.0 = Release|Win32
		{85F424FD-A07D-4988-95F8-8302A04A4414}.Release|x64.ActiveCfg = Release|Win32
		{30E48393-FD2D-4F0E-9039-BFCF481064A3}.Debug_Tools|Any CPU.ActiveCfg = Release|x64
		{30E48393-FD2D-4F0E-9039-BFCF481064A3}.Debug_Tools|Any CPU.Build.0 = Release|x64
		{30E48393-FD2D-4F0E-9039-BFCF481064A3}.Debug_Tools|Mixed Platforms.ActiveCfg = Debug|Win32
		{30E48393-FD2D-4F0E-9039-BFCF481064A3}.Debug_Tools|Mixed Platforms.Build.0 = Debug|Win32
		{30E48393-FD2D-4F0E-9039-BFCF481064A3}.Debug_Tools|Win32.ActiveCfg = Debug|Win32
		{30E48393-FD2D-4F0E-9039-BFCF481064A3}.Debug_Tools|Win32.Build.0 = Debug|Win32
		{30E48393-FD2D-4F0E-9039-BFCF481064A3}.Debug_Tools|x64.ActiveCfg = Debug|x64
		{30E48393-FD2D-4F0E-9039-BFCF481064A3}.Debug_Tools|x64.Build.0 = Debug|x64
		{30E48393-FD2D-4F0E-9039-BFCF481064A3}.Debug|Any CPU.ActiveCfg = Debug|Win32
		{30E48393-FD2D-4F0E-9039-BFCF481064A3}.Debug|Mixed Platforms.ActiveCfg = Debug|Win32
		{30E48393-FD2D-4F0E-9039-BFCF481064A3}.Debug|Mixed Platforms.Build.0 = Debug|Win32
		{30E48393-FD2D-4F0E-9039-BFCF481064A3}.Debug|Win32.ActiveCfg = Debug|Win32
		{30E48393-FD2D-4F0E-9039-BFCF481064A3}.Debug|Win32.Build.0 = Debug|Win32
		{30E48393-FD2D-4F0E-9039-BFCF481064A3}.Debug|x64.ActiveCfg = Debug|x64
		{30E48393-FD2D-4F0E-9039-BFCF481064A3}.Debug|x64.Build.0 = Debug|x64
		{30E48393-FD2D-4F0E-9039-BFCF481064A3}.Release_Tools|Any CPU.ActiveCfg = Release|x64
		{30E48393-FD2D-4F0E-9039-BFCF481064A3}.Release_Tools|Any CPU.Build.0 = Release|x64
		{30E48393-FD2D-4F0E-9039-BFCF481064A3}.Release_Tools|Mixed Platforms.ActiveCfg = Release|Win32
		{30E48393-FD2D-4F0E-9039-BFCF481064A3}.Release_Tools|Mixed Platforms.Build.0 = Release|Win32
		{30E48393-FD2D-4F0E-9039-BFCF481064A3}.Release_Tools|Win32.ActiveCfg = Release|Win32
		{30E48393-FD2D-4F0E-9039-BFCF481064A3}.Release_Tools|Win32.Build.0 = Release|Win32
		{30E48393-FD2D-4F0E-9039-BFCF481064A3}.Release_Tools|x64.ActiveCfg = Release|x64
		{30E48393-FD2D-4F0E-9039-BFCF481064A3}.Release_Tools|x64.Build.0 = Release|x64
		{30E48393-FD2D-4F0E-9039-BFCF481064A3}.Release|Any CPU.ActiveCfg = Release|Win32
		{30E48393-FD2D-4F0E-9039-BFCF481064A3}.Release|Mixed Platforms.ActiveCfg = Release|Win32
		{30E48393-FD2D-4F0E-9039-BFCF481064A3}.Release|Mixed Platforms.Build.0 = Release|Win32
		{30E48393-FD2D-4F0E-9039-BFCF481064A3}.Release|Win32.ActiveCfg = Release|Win32
		{30E48393-FD2D-4F0E-9039-BFCF481064A3}.Release|Win32.Build.0 = Release|Win32
		{30E48393-FD2D-4F0E-9039-BFCF481064A3}.Release|x64.ActiveCfg = Release|x64
		{30E48393-FD2D-4F0E-9039-BFCF481064A3}.Release|x64.Build.0 = Release|x64
	EndGlobalSection
	GlobalSection(SolutionProperties) = preSolution
		HideSolutionNode = FALSE
	EndGlobalSection
EndGlobal
